
Microsoft Visual Studio Solution File, Format Version 12.00
# Visual Studio Version 16
VisualStudioVersion = 16.0.30804.86
MinimumVisualStudioVersion = 10.0.40219.1
Project("{FAE04EC0-301F-11D3-BF4B-00C04F79EFBC}") = "EntityHistory", "EntityHistory\EntityHistory.csproj", "{2EDF3DB0-AD4B-48ED-88DF-C520B64B9FDE}"
EndProject
Global
	GlobalSection(SolutionConfigurationPlatforms) = preSolution
		Debug|Any CPU = Debug|Any CPU
		Release|Any CPU = Release|Any CPU
	EndGlobalSection
	GlobalSection(ProjectConfigurationPlatforms) = postSolution
		{2EDF3DB0-AD4B-48ED-88DF-C520B64B9FDE}.Debug|Any CPU.ActiveCfg = Debug|Any CPU
		{2EDF3DB0-AD4B-48ED-88DF-C520B64B9FDE}.Debug|Any CPU.Build.0 = Debug|Any CPU
		{2EDF3DB0-AD4B-48ED-88DF-C520B64B9FDE}.Release|Any CPU.ActiveCfg = Release|Any CPU
		{2EDF3DB0-AD4B-48ED-88DF-C520B64B9FDE}.Release|Any CPU.Build.0 = Release|Any CPU
	EndGlobalSection
	GlobalSection(SolutionProperties) = preSolution
		HideSolutionNode = FALSE
	EndGlobalSection
	GlobalSection(ExtensibilityGlobals) = postSolution
		SolutionGuid = {2E2D73DB-4F78-4060-A23C-EC625A4169BD}
	EndGlobalSection
EndGlobal
